
Microsoft Visual Studio Solution File, Format Version 12.00
# Visual Studio Version 16
VisualStudioVersion = 16.0.30523.141
MinimumVisualStudioVersion = 10.0.40219.1
Project("{FAE04EC0-301F-11D3-BF4B-00C04F79EFBC}") = "devops", "devops\devops.csproj", "{F8910853-D269-4480-9B28-DA3E3787CE67}"
EndProject
Global
	GlobalSection(SolutionConfigurationPlatforms) = preSolution
		Debug|Any CPU = Debug|Any CPU
		Release|Any CPU = Release|Any CPU
	EndGlobalSection
	GlobalSection(ProjectConfigurationPlatforms) = postSolution
		{F8910853-D269-4480-9B28-DA3E3787CE67}.Debug|Any CPU.ActiveCfg = Debug|Any CPU
		{F8910853-D269-4480-9B28-DA3E3787CE67}.Debug|Any CPU.Build.0 = Debug|Any CPU
		{F8910853-D269-4480-9B28-DA3E3787CE67}.Release|Any CPU.ActiveCfg = Release|Any CPU
		{F8910853-D269-4480-9B28-DA3E3787CE67}.Release|Any CPU.Build.0 = Release|Any CPU
	EndGlobalSection
	GlobalSection(SolutionProperties) = preSolution
		HideSolutionNode = FALSE
	EndGlobalSection
	GlobalSection(ExtensibilityGlobals) = postSolution
		SolutionGuid = {E5F968C8-1DE1-48BA-B373-89859C6F4045}
	EndGlobalSection
EndGlobal
